// !$*UTF8*$!
{
	archiveVersion = 1;
	classes = {
	};
	objectVersion = 50;
	objects = {

/* Begin PBXBuildFile section */
		CF4BD8A925B170F500DAC15F /* SuperuserApp.swift in Sources */ = {isa = PBXBuildFile; fileRef = CF4BD8A825B170F500DAC15F /* SuperuserApp.swift */; };
		CF4BD8AB25B170F500DAC15F /* ContentView.swift in Sources */ = {isa = PBXBuildFile; fileRef = CF4BD8AA25B170F500DAC15F /* ContentView.swift */; };
		CF4BD8AD25B170F700DAC15F /* Assets.xcassets in Resources */ = {isa = PBXBuildFile; fileRef = CF4BD8AC25B170F700DAC15F /* Assets.xcassets */; };
		CF4BD8B025B170F700DAC15F /* Preview Assets.xcassets in Resources */ = {isa = PBXBuildFile; fileRef = CF4BD8AF25B170F700DAC15F /* Preview Assets.xcassets */; };
		CF4BD8B225B170F700DAC15F /* Persistence.swift in Sources */ = {isa = PBXBuildFile; fileRef = CF4BD8B125B170F700DAC15F /* Persistence.swift */; };
		CF4BD8B525B170F700DAC15F /* Superuser.xcdatamodeld in Sources */ = {isa = PBXBuildFile; fileRef = CF4BD8B325B170F700DAC15F /* Superuser.xcdatamodeld */; };
		CF51E15925B3F7BB00FFA3B9 /* AreaDetailView.swift in Sources */ = {isa = PBXBuildFile; fileRef = CF51E15825B3F7BB00FFA3B9 /* AreaDetailView.swift */; };
		CFFD78AD25B2DF0200241801 /* AreaMainScreen.swift in Sources */ = {isa = PBXBuildFile; fileRef = CFFD78AC25B2DF0200241801 /* AreaMainScreen.swift */; };
		CFFD78B125B2EFC300241801 /* ProgressCircleView.swift in Sources */ = {isa = PBXBuildFile; fileRef = CFFD78B025B2EFC300241801 /* ProgressCircleView.swift */; };
		CFFD78B525B2F06300241801 /* HPDualCircleView.swift in Sources */ = {isa = PBXBuildFile; fileRef = CFFD78B425B2F06300241801 /* HPDualCircleView.swift */; };
		CFFD78B825B2F0DB00241801 /* AreaFormView.swift in Sources */ = {isa = PBXBuildFile; fileRef = CFFD78B725B2F0DB00241801 /* AreaFormView.swift */; };
		CFFD78BB25B2F11B00241801 /* AreaListView.swift in Sources */ = {isa = PBXBuildFile; fileRef = CFFD78BA25B2F11B00241801 /* AreaListView.swift */; };
/* End PBXBuildFile section */

/* Begin PBXFileReference section */
		CF4BD8A525B170F500DAC15F /* Superuser.app */ = {isa = PBXFileReference; explicitFileType = wrapper.application; includeInIndex = 0; path = Superuser.app; sourceTree = BUILT_PRODUCTS_DIR; };
		CF4BD8A825B170F500DAC15F /* SuperuserApp.swift */ = {isa = PBXFileReference; lastKnownFileType = sourcecode.swift; path = SuperuserApp.swift; sourceTree = "<group>"; };
		CF4BD8AA25B170F500DAC15F /* ContentView.swift */ = {isa = PBXFileReference; lastKnownFileType = sourcecode.swift; path = ContentView.swift; sourceTree = "<group>"; };
		CF4BD8AC25B170F700DAC15F /* Assets.xcassets */ = {isa = PBXFileReference; lastKnownFileType = folder.assetcatalog; path = Assets.xcassets; sourceTree = "<group>"; };
		CF4BD8AF25B170F700DAC15F /* Preview Assets.xcassets */ = {isa = PBXFileReference; lastKnownFileType = folder.assetcatalog; path = "Preview Assets.xcassets"; sourceTree = "<group>"; };
		CF4BD8B125B170F700DAC15F /* Persistence.swift */ = {isa = PBXFileReference; lastKnownFileType = sourcecode.swift; path = Persistence.swift; sourceTree = "<group>"; };
		CF4BD8B425B170F700DAC15F /* Superuser.xcdatamodel */ = {isa = PBXFileReference; lastKnownFileType = wrapper.xcdatamodel; path = Superuser.xcdatamodel; sourceTree = "<group>"; };
		CF4BD8B625B170F700DAC15F /* Info.plist */ = {isa = PBXFileReference; lastKnownFileType = text.plist.xml; path = Info.plist; sourceTree = "<group>"; };
		CF51E15825B3F7BB00FFA3B9 /* AreaDetailView.swift */ = {isa = PBXFileReference; lastKnownFileType = sourcecode.swift; path = AreaDetailView.swift; sourceTree = "<group>"; };
		CFFD78AC25B2DF0200241801 /* AreaMainScreen.swift */ = {isa = PBXFileReference; lastKnownFileType = sourcecode.swift; path = AreaMainScreen.swift; sourceTree = "<group>"; };
		CFFD78B025B2EFC300241801 /* ProgressCircleView.swift */ = {isa = PBXFileReference; lastKnownFileType = sourcecode.swift; path = ProgressCircleView.swift; sourceTree = "<group>"; };
		CFFD78B425B2F06300241801 /* HPDualCircleView.swift */ = {isa = PBXFileReference; lastKnownFileType = sourcecode.swift; path = HPDualCircleView.swift; sourceTree = "<group>"; };
		CFFD78B725B2F0DB00241801 /* AreaFormView.swift */ = {isa = PBXFileReference; lastKnownFileType = sourcecode.swift; path = AreaFormView.swift; sourceTree = "<group>"; };
		CFFD78BA25B2F11B00241801 /* AreaListView.swift */ = {isa = PBXFileReference; lastKnownFileType = sourcecode.swift; path = AreaListView.swift; sourceTree = "<group>"; };
/* End PBXFileReference section */

/* Begin PBXFrameworksBuildPhase section */
		CF4BD8A225B170F500DAC15F /* Frameworks */ = {
			isa = PBXFrameworksBuildPhase;
			buildActionMask = 2147483647;
			files = (
			);
			runOnlyForDeploymentPostprocessing = 0;
		};
/* End PBXFrameworksBuildPhase section */

/* Begin PBXGroup section */
		CF4BD89C25B170F500DAC15F = {
			isa = PBXGroup;
			children = (
				CF4BD8A725B170F500DAC15F /* Superuser */,
				CF4BD8A625B170F500DAC15F /* Products */,
			);
			sourceTree = "<group>";
		};
		CF4BD8A625B170F500DAC15F /* Products */ = {
			isa = PBXGroup;
			children = (
				CF4BD8A525B170F500DAC15F /* Superuser.app */,
			);
			name = Products;
			sourceTree = "<group>";
		};
		CF4BD8A725B170F500DAC15F /* Superuser */ = {
			isa = PBXGroup;
			children = (
				CFFD78AF25B2EF6900241801 /* Views */,
				CFFD78A625B2DE9200241801 /* Screens */,
				CF4BD8A825B170F500DAC15F /* SuperuserApp.swift */,
				CF4BD8AA25B170F500DAC15F /* ContentView.swift */,
				CF4BD8AC25B170F700DAC15F /* Assets.xcassets */,
				CF4BD8B125B170F700DAC15F /* Persistence.swift */,
				CF4BD8B625B170F700DAC15F /* Info.plist */,
				CF4BD8B325B170F700DAC15F /* Superuser.xcdatamodeld */,
				CF4BD8AE25B170F700DAC15F /* Preview Content */,
			);
			path = Superuser;
			sourceTree = "<group>";
		};
		CF4BD8AE25B170F700DAC15F /* Preview Content */ = {
			isa = PBXGroup;
			children = (
				CF4BD8AF25B170F700DAC15F /* Preview Assets.xcassets */,
			);
			path = "Preview Content";
			sourceTree = "<group>";
		};
		CFFD78A625B2DE9200241801 /* Screens */ = {
			isa = PBXGroup;
			children = (
				CFFD78A725B2DEB400241801 /* Area */,
			);
			path = Screens;
			sourceTree = "<group>";
		};
		CFFD78A725B2DEB400241801 /* Area */ = {
			isa = PBXGroup;
			children = (
				CFFD78AC25B2DF0200241801 /* AreaMainScreen.swift */,
				CFFD78B725B2F0DB00241801 /* AreaFormView.swift */,
				CFFD78BA25B2F11B00241801 /* AreaListView.swift */,
				CF51E15825B3F7BB00FFA3B9 /* AreaDetailView.swift */,
			);
			path = Area;
			sourceTree = "<group>";
		};
		CFFD78AF25B2EF6900241801 /* Views */ = {
			isa = PBXGroup;
			children = (
				CFFD78B025B2EFC300241801 /* ProgressCircleView.swift */,
				CFFD78B425B2F06300241801 /* HPDualCircleView.swift */,
			);
			path = Views;
			sourceTree = "<group>";
		};
/* End PBXGroup section */

/* Begin PBXNativeTarget section */
		CF4BD8A425B170F500DAC15F /* Superuser */ = {
			isa = PBXNativeTarget;
			buildConfigurationList = CF4BD8B925B170F700DAC15F /* Build configuration list for PBXNativeTarget "Superuser" */;
			buildPhases = (
				CF4BD8A125B170F500DAC15F /* Sources */,
				CF4BD8A225B170F500DAC15F /* Frameworks */,
				CF4BD8A325B170F500DAC15F /* Resources */,
			);
			buildRules = (
			);
			dependencies = (
			);
			name = Superuser;
			productName = Superuser;
			productReference = CF4BD8A525B170F500DAC15F /* Superuser.app */;
			productType = "com.apple.product-type.application";
		};
/* End PBXNativeTarget section */

/* Begin PBXProject section */
		CF4BD89D25B170F500DAC15F /* Project object */ = {
			isa = PBXProject;
			attributes = {
				LastSwiftUpdateCheck = 1230;
				LastUpgradeCheck = 1230;
				TargetAttributes = {
					CF4BD8A425B170F500DAC15F = {
						CreatedOnToolsVersion = 12.3;
					};
				};
			};
			buildConfigurationList = CF4BD8A025B170F500DAC15F /* Build configuration list for PBXProject "Superuser" */;
			compatibilityVersion = "Xcode 9.3";
			developmentRegion = en;
			hasScannedForEncodings = 0;
			knownRegions = (
				en,
				Base,
			);
			mainGroup = CF4BD89C25B170F500DAC15F;
			productRefGroup = CF4BD8A625B170F500DAC15F /* Products */;
			projectDirPath = "";
			projectRoot = "";
			targets = (
				CF4BD8A425B170F500DAC15F /* Superuser */,
			);
		};
/* End PBXProject section */

/* Begin PBXResourcesBuildPhase section */
		CF4BD8A325B170F500DAC15F /* Resources */ = {
			isa = PBXResourcesBuildPhase;
			buildActionMask = 2147483647;
			files = (
				CF4BD8B025B170F700DAC15F /* Preview Assets.xcassets in Resources */,
				CF4BD8AD25B170F700DAC15F /* Assets.xcassets in Resources */,
			);
			runOnlyForDeploymentPostprocessing = 0;
		};
/* End PBXResourcesBuildPhase section */

/* Begin PBXSourcesBuildPhase section */
		CF4BD8A125B170F500DAC15F /* Sources */ = {
			isa = PBXSourcesBuildPhase;
			buildActionMask = 2147483647;
			files = (
				CF4BD8B525B170F700DAC15F /* Superuser.xcdatamodeld in Sources */,
				CFFD78B125B2EFC300241801 /* ProgressCircleView.swift in Sources */,
				CF51E15925B3F7BB00FFA3B9 /* AreaDetailView.swift in Sources */,
				CFFD78BB25B2F11B00241801 /* AreaListView.swift in Sources */,
				CFFD78AD25B2DF0200241801 /* AreaMainScreen.swift in Sources */,
				CF4BD8B225B170F700DAC15F /* Persistence.swift in Sources */,
				CF4BD8AB25B170F500DAC15F /* ContentView.swift in Sources */,
				CFFD78B825B2F0DB00241801 /* AreaFormView.swift in Sources */,
				CF4BD8A925B170F500DAC15F /* SuperuserApp.swift in Sources */,
				CFFD78B525B2F06300241801 /* HPDualCircleView.swift in Sources */,
			);
			runOnlyForDeploymentPostprocessing = 0;
		};
/* End PBXSourcesBuildPhase section */

/* Begin XCBuildConfiguration section */
		CF4BD8B725B170F700DAC15F /* Debug */ = {
			isa = XCBuildConfiguration;
			buildSettings = {
				ALWAYS_SEARCH_USER_PATHS = NO;
				CLANG_ANALYZER_NONNULL = YES;
				CLANG_ANALYZER_NUMBER_OBJECT_CONVERSION = YES_AGGRESSIVE;
				CLANG_CXX_LANGUAGE_STANDARD = "gnu++14";
				CLANG_CXX_LIBRARY = "libc++";
				CLANG_ENABLE_MODULES = YES;
				CLANG_ENABLE_OBJC_ARC = YES;
				CLANG_ENABLE_OBJC_WEAK = YES;
				CLANG_WARN_BLOCK_CAPTURE_AUTORELEASING = YES;
				CLANG_WARN_BOOL_CONVERSION = YES;
				CLANG_WARN_COMMA = YES;
				CLANG_WARN_CONSTANT_CONVERSION = YES;
				CLANG_WARN_DEPRECATED_OBJC_IMPLEMENTATIONS = YES;
				CLANG_WARN_DIRECT_OBJC_ISA_USAGE = YES_ERROR;
				CLANG_WARN_DOCUMENTATION_COMMENTS = YES;
				CLANG_WARN_EMPTY_BODY = YES;
				CLANG_WARN_ENUM_CONVERSION = YES;
				CLANG_WARN_INFINITE_RECURSION = YES;
				CLANG_WARN_INT_CONVERSION = YES;
				CLANG_WARN_NON_LITERAL_NULL_CONVERSION = YES;
				CLANG_WARN_OBJC_IMPLICIT_RETAIN_SELF = YES;
				CLANG_WARN_OBJC_LITERAL_CONVERSION = YES;
				CLANG_WARN_OBJC_ROOT_CLASS = YES_ERROR;
				CLANG_WARN_QUOTED_INCLUDE_IN_FRAMEWORK_HEADER = YES;
				CLANG_WARN_RANGE_LOOP_ANALYSIS = YES;
				CLANG_WARN_STRICT_PROTOTYPES = YES;
				CLANG_WARN_SUSPICIOUS_MOVE = YES;
				CLANG_WARN_UNGUARDED_AVAILABILITY = YES_AGGRESSIVE;
				CLANG_WARN_UNREACHABLE_CODE = YES;
				CLANG_WARN__DUPLICATE_METHOD_MATCH = YES;
				COPY_PHASE_STRIP = NO;
				DEBUG_INFORMATION_FORMAT = dwarf;
				ENABLE_STRICT_OBJC_MSGSEND = YES;
				ENABLE_TESTABILITY = YES;
				GCC_C_LANGUAGE_STANDARD = gnu11;
				GCC_DYNAMIC_NO_PIC = NO;
				GCC_NO_COMMON_BLOCKS = YES;
				GCC_OPTIMIZATION_LEVEL = 0;
				GCC_PREPROCESSOR_DEFINITIONS = (
					"DEBUG=1",
					"$(inherited)",
				);
				GCC_WARN_64_TO_32_BIT_CONVERSION = YES;
				GCC_WARN_ABOUT_RETURN_TYPE = YES_ERROR;
				GCC_WARN_UNDECLARED_SELECTOR = YES;
				GCC_WARN_UNINITIALIZED_AUTOS = YES_AGGRESSIVE;
				GCC_WARN_UNUSED_FUNCTION = YES;
				GCC_WARN_UNUSED_VARIABLE = YES;
				IPHONEOS_DEPLOYMENT_TARGET = 14.3;
				MTL_ENABLE_DEBUG_INFO = INCLUDE_SOURCE;
				MTL_FAST_MATH = YES;
				ONLY_ACTIVE_ARCH = YES;
				SDKROOT = iphoneos;
				SWIFT_ACTIVE_COMPILATION_CONDITIONS = DEBUG;
				SWIFT_OPTIMIZATION_LEVEL = "-Onone";
			};
			name = Debug;
		};
		CF4BD8B825B170F700DAC15F /* Release */ = {
			isa = XCBuildConfiguration;
			buildSettings = {
				ALWAYS_SEARCH_USER_PATHS = NO;
				CLANG_ANALYZER_NONNULL = YES;
				CLANG_ANALYZER_NUMBER_OBJECT_CONVERSION = YES_AGGRESSIVE;
				CLANG_CXX_LANGUAGE_STANDARD = "gnu++14";
				CLANG_CXX_LIBRARY = "libc++";
				CLANG_ENABLE_MODULES = YES;
				CLANG_ENABLE_OBJC_ARC = YES;
				CLANG_ENABLE_OBJC_WEAK = YES;
				CLANG_WARN_BLOCK_CAPTURE_AUTORELEASING = YES;
				CLANG_WARN_BOOL_CONVERSION = YES;
				CLANG_WARN_COMMA = YES;
				CLANG_WARN_CONSTANT_CONVERSION = YES;
				CLANG_WARN_DEPRECATED_OBJC_IMPLEMENTATIONS = YES;
				CLANG_WARN_DIRECT_OBJC_ISA_USAGE = YES_ERROR;
				CLANG_WARN_DOCUMENTATION_COMMENTS = YES;
				CLANG_WARN_EMPTY_BODY = YES;
				CLANG_WARN_ENUM_CONVERSION = YES;
				CLANG_WARN_INFINITE_RECURSION = YES;
				CLANG_WARN_INT_CONVERSION = YES;
				CLANG_WARN_NON_LITERAL_NULL_CONVERSION = YES;
				CLANG_WARN_OBJC_IMPLICIT_RETAIN_SELF = YES;
				CLANG_WARN_OBJC_LITERAL_CONVERSION = YES;
				CLANG_WARN_OBJC_ROOT_CLASS = YES_ERROR;
				CLANG_WARN_QUOTED_INCLUDE_IN_FRAMEWORK_HEADER = YES;
				CLANG_WARN_RANGE_LOOP_ANALYSIS = YES;
				CLANG_WARN_STRICT_PROTOTYPES = YES;
				CLANG_WARN_SUSPICIOUS_MOVE = YES;
				CLANG_WARN_UNGUARDED_AVAILABILITY = YES_AGGRESSIVE;
				CLANG_WARN_UNREACHABLE_CODE = YES;
				CLANG_WARN__DUPLICATE_METHOD_MATCH = YES;
				COPY_PHASE_STRIP = NO;
				DEBUG_INFORMATION_FORMAT = "dwarf-with-dsym";
				ENABLE_NS_ASSERTIONS = NO;
				ENABLE_STRICT_OBJC_MSGSEND = YES;
				GCC_C_LANGUAGE_STANDARD = gnu11;
				GCC_NO_COMMON_BLOCKS = YES;
				GCC_WARN_64_TO_32_BIT_CONVERSION = YES;
				GCC_WARN_ABOUT_RETURN_TYPE = YES_ERROR;
				GCC_WARN_UNDECLARED_SELECTOR = YES;
				GCC_WARN_UNINITIALIZED_AUTOS = YES_AGGRESSIVE;
				GCC_WARN_UNUSED_FUNCTION = YES;
				GCC_WARN_UNUSED_VARIABLE = YES;
				IPHONEOS_DEPLOYMENT_TARGET = 14.3;
				MTL_ENABLE_DEBUG_INFO = NO;
				MTL_FAST_MATH = YES;
				SDKROOT = iphoneos;
				SWIFT_COMPILATION_MODE = wholemodule;
				SWIFT_OPTIMIZATION_LEVEL = "-O";
				VALIDATE_PRODUCT = YES;
			};
			name = Release;
		};
		CF4BD8BA25B170F700DAC15F /* Debug */ = {
			isa = XCBuildConfiguration;
			buildSettings = {
				ASSETCATALOG_COMPILER_APPICON_NAME = AppIcon;
				ASSETCATALOG_COMPILER_GLOBAL_ACCENT_COLOR_NAME = AccentColor;
				CODE_SIGN_STYLE = Automatic;
				DEVELOPMENT_ASSET_PATHS = "\"Superuser/Preview Content\"";
				DEVELOPMENT_TEAM = NZUQYY7R4K;
				ENABLE_PREVIEWS = YES;
				INFOPLIST_FILE = Superuser/Info.plist;
				IPHONEOS_DEPLOYMENT_TARGET = 14.0;
				LD_RUNPATH_SEARCH_PATHS = (
					"$(inherited)",
					"@executable_path/Frameworks",
				);
				PRODUCT_BUNDLE_IDENTIFIER = phi.Superuser;
				PRODUCT_NAME = "$(TARGET_NAME)";
				SWIFT_VERSION = 5.0;
				TARGETED_DEVICE_FAMILY = "1,2";
			};
			name = Debug;
		};
		CF4BD8BB25B170F700DAC15F /* Release */ = {
			isa = XCBuildConfiguration;
			buildSettings = {
				ASSETCATALOG_COMPILER_APPICON_NAME = AppIcon;
				ASSETCATALOG_COMPILER_GLOBAL_ACCENT_COLOR_NAME = AccentColor;
				CODE_SIGN_STYLE = Automatic;
				DEVELOPMENT_ASSET_PATHS = "\"Superuser/Preview Content\"";
				DEVELOPMENT_TEAM = NZUQYY7R4K;
				ENABLE_PREVIEWS = YES;
				INFOPLIST_FILE = Superuser/Info.plist;
				IPHONEOS_DEPLOYMENT_TARGET = 14.0;
				LD_RUNPATH_SEARCH_PATHS = (
					"$(inherited)",
					"@executable_path/Frameworks",
				);
				PRODUCT_BUNDLE_IDENTIFIER = phi.Superuser;
				PRODUCT_NAME = "$(TARGET_NAME)";
				SWIFT_VERSION = 5.0;
				TARGETED_DEVICE_FAMILY = "1,2";
			};
			name = Release;
		};
/* End XCBuildConfiguration section */

/* Begin XCConfigurationList section */
		CF4BD8A025B170F500DAC15F /* Build configuration list for PBXProject "Superuser" */ = {
			isa = XCConfigurationList;
			buildConfigurations = (
				CF4BD8B725B170F700DAC15F /* Debug */,
				CF4BD8B825B170F700DAC15F /* Release */,
			);
			defaultConfigurationIsVisible = 0;
			defaultConfigurationName = Release;
		};
		CF4BD8B925B170F700DAC15F /* Build configuration list for PBXNativeTarget "Superuser" */ = {
			isa = XCConfigurationList;
			buildConfigurations = (
				CF4BD8BA25B170F700DAC15F /* Debug */,
				CF4BD8BB25B170F700DAC15F /* Release */,
			);
			defaultConfigurationIsVisible = 0;
			defaultConfigurationName = Release;
		};
/* End XCConfigurationList section */

/* Begin XCVersionGroup section */
		CF4BD8B325B170F700DAC15F /* Superuser.xcdatamodeld */ = {
			isa = XCVersionGroup;
			children = (
				CF4BD8B425B170F700DAC15F /* Superuser.xcdatamodel */,
			);
			currentVersion = CF4BD8B425B170F700DAC15F /* Superuser.xcdatamodel */;
			path = Superuser.xcdatamodeld;
			sourceTree = "<group>";
			versionGroupType = wrapper.xcdatamodel;
		};
/* End XCVersionGroup section */
	};
	rootObject = CF4BD89D25B170F500DAC15F /* Project object */;
}
